github.com/Microsoft/go-winio v0.6.2/go.mod h1:yd8OoFMLzJbo9gZq8j5qaps8bJ9aShtEA8Ipt1oGCvU=
github.com/alexbrainman/sspi v0.0.0-20250919150558-7d374ff0d59e/go.mod h1:cEWa1LVoE5KvSD9ONXsZrj0z6KqySlCCNKHlLzbqAt4=
github.com/bodgit/windows v1.0.1 h1:tF7K6KOluPYygXa3Z2594zxlkbKPAOvqr97etrGNIz4=
github.com/bodgit/windows v1.0.1/go.mod h1:a6JLwrB4KrTR5hBpp8FI9/9W9jJfeQ2h4XDXU74ZCdM=
github.com/go-crypt/x v0.4.10/go.mod h1:xN4WnD2Zz84Fg0/UjfuhKCT3cZv5MujbHffNQft2cQE=
github.com/go-crypt/x v0.4.13/go.mod h1:KWDO2p5WT94GKRj6fdNo7+XKTya53zfxCB1V3e2B9hU=
github.com/go-krb5/x v0.3.0/go.mod h1:I5UblZq9GO93jc1dVSG2N0wb6PhPMqGfUGF23hOpzvc=
github.com/go-krb5/x v0.3.2/go.mod h1:h44nn9OxeR34A9Tu0UZfRmgwWizETfWwWy97K3RlxuI=
github.com/google/uuid v1.6.0 h1:NIvaJDMOsjHA8n1jAhLSgzrAzy1Hgr+hNrb57e+94F0=
github.com/google/uuid v1.6.0/go.mod h1:TIyPZe4MgqvfeYDBFedMoGGpEw/LqOeaOT+nhxU+yHo=
github.com/investigato/go-psrpcore v0.0.0-20260327015142-7640c7d89988 h1:u5Xi3pDc5CtggvnJYBKXO/I5lnMUQ1tgobYWNlzMs1U=
github.com/investigato/go-psrpcore v0.0.0-20260327015142-7640c7d89988/go.mod h1:DbMTIFPfZrTk/hNMSsbajIolYbG/vjXqECSAU/WaeFk=
github.com/investigato/krb5 v0.0.0-20260327013846-d49e152c0f1a h1:Fonbds2JLW6nOgb9YtLm/I2H0zrw8dg0gXrhNE8kxNc=
github.com/investigato/krb5 v0.0.0-20260327013846-d49e152c0f1a/go.mod h1:f9pfeatrRVkR+3N27fw5/ZmyD8tFWrCNgGlvqEu+yUc=
github.com/investigato/ntlmssp v0.0.0-20260325214409-3af1af476eed h1:iBFp4EOmC1u7GXWJovSG60f0/kMT3Ptu2aBgDUwvQnE=
github.com/investigato/ntlmssp v0.0.0-20260325214409-3af1af476eed/go.mod h1:eg3BavLY81DBGfRkdfIu+X1pYrYy0Qo/zTaOaPh3qKs=
golang.org/x/crypto v0.46.0/go.mod h1:Evb/oLKmMraqjZ2iQTwDwvCtJkczlDuTmdJXoZVzqU0=
golang.org/x/crypto v0.49.0 h1:+Ng2ULVvLHnJ/ZFEq4KdcDd/cfjrrjjNSXNzxg0Y4U4=
golang.org/x/crypto v0.49.0/go.mod h1:ErX4dUh2UM+CFYiXZRTcMpEcN8b/1gxEuv3nODoYtCA=
golang.org/x/net v0.48.0/go.mod h1:+ndRgGjkh8FGtu1w1FGbEC31if4VrNVMuKTgcAAnQRY=
golang.org/x/net v0.51.0/go.mod h1:aamm+2QF5ogm02fjy5Bb7CQ0WMt1/WVM7FtyaTLlA9Y=
golang.org/x/net v0.52.0/go.mod h1:R1MAz7uMZxVMualyPXb+VaqGSa3LIaUqk0eEt3w36Sw=
golang.org/x/sync v0.19.0/go.mod h1:9KTHXmSnoGruLpwFjVSX0lNNA75CykiMECbovNTZqGI=
golang.org/x/sync v0.20.0/go.mod h1:9xrNwdLfx4jkKbNva9FpL6vEN7evnE43NNNJQ2LF3+0=
golang.org/x/sys v0.39.0/go.mod h1:OgkHotnGiDImocRcuBABYBEXf8A9a87e/uXjp9XT3ks=
golang.org/x/sys v0.42.0/go.mod h1:4GL1E5IUh+htKOUEOaiffhrAeqysfVGipDYzABqnCmw=
golang.org/x/term v0.38.0/go.mod h1:bSEAKrOT1W+VSu9TSCMtoGEOUcKxOKgl3LE5QEF/xVg=
golang.org/x/term v0.41.0/go.mod h1:3pfBgksrReYfZ5lvYM0kSO0LIkAl4Yl2bXOkKP7Ec2A=
golang.org/x/text v0.35.0 h1:JOVx6vVDFokkpaq1AEptVzLTpDe9KGpj5tR4/X+ybL8=
golang.org/x/text v0.35.0/go.mod h1:khi/HExzZJ2pGnjenulevKNX1W67CUy0AsXcNubPGCA=
